
Microsoft Visual Studio Solution File, Format Version 12.00
# Visual Studio 15
VisualStudioVersion = 15.0.27130.2010
MinimumVisualStudioVersion = 10.0.40219.1
Project("{2150E333-8FDC-42A3-9474-1A3956D46DE8}") = "Web", "Web", "{47D9B337-395C-4622-8A95-BA82EB70CC12}"
EndProject
Project("{9A19103F-16F7-4668-BE54-9A1E7A4F7556}") = "MyServer.Web", "src\Web\MyServer.Web\MyServer.Web.csproj", "{6A9A1C5B-F78C-4FB5-9BF5-5B89F196C393}"
EndProject
Project("{2150E333-8FDC-42A3-9474-1A3956D46DE8}") = "Common", "Common", "{4B29F1A1-3CF1-4A53-9547-C45E93146CEC}"
EndProject
Project("{9A19103F-16F7-4668-BE54-9A1E7A4F7556}") = "MyServer.Common", "src\Common\MyServer.Common\MyServer.Common.csproj", "{CA7541EF-4AC8-46ED-92C8-B84BB51E0CD1}"
EndProject
Project("{9A19103F-16F7-4668-BE54-9A1E7A4F7556}") = "MyServer.Common.ImageGallery", "src\Common\MyServer.Common.ImageGallery\MyServer.Common.ImageGallery.csproj", "{31A164B1-2EFB-4D38-A2C1-7D5DDCA6E4EF}"
EndProject
Project("{2150E333-8FDC-42A3-9474-1A3956D46DE8}") = "Data", "Data", "{58632038-1828-45F7-AC47-DC1D3791DCF2}"
EndProject
Project("{9A19103F-16F7-4668-BE54-9A1E7A4F7556}") = "MyServer.Data.Common", "src\Data\MyServer.Data.Common\MyServer.Data.Common.csproj", "{4083123F-32AF-4220-9EFF-C817EC6E67B7}"
EndProject
Project("{9A19103F-16F7-4668-BE54-9A1E7A4F7556}") = "MyServer.Data", "src\Data\MyServer.Data\MyServer.Data.csproj", "{AA7C26B4-BD97-46B5-8A9D-E8FF256486AA}"
EndProject
Project("{9A19103F-16F7-4668-BE54-9A1E7A4F7556}") = "MyServer.Data.Models", "src\Data\MyServer.Data.Models\MyServer.Data.Models.csproj", "{1D63AC61-F060-4B7C-8631-1451B64FDB2E}"
EndProject
Project("{2150E333-8FDC-42A3-9474-1A3956D46DE8}") = "Services", "Services", "{F2CEEBA0-4B95-4660-9223-D377ED32A92A}"
EndProject
Project("{9A19103F-16F7-4668-BE54-9A1E7A4F7556}") = "MyServer.Services.Users", "src\Services\MyServer.Services.Users\MyServer.Services.Users.csproj", "{8D60ACD2-298F-46AE-A7C6-5AEB2B4A47BC}"
EndProject
Project("{9A19103F-16F7-4668-BE54-9A1E7A4F7556}") = "MyServer.Services.Mappings", "src\Services\MyServer.Services.Mappings\MyServer.Services.Mappings.csproj", "{A9727746-0231-42B8-83DC-F2D1AA6E337F}"
EndProject
Project("{9A19103F-16F7-4668-BE54-9A1E7A4F7556}") = "MyServer.Services.ImageGallery", "src\Services\MyServer.Services.ImageGallery\MyServer.Services.ImageGallery.csproj", "{7BCB6015-CBDE-4990-B14F-4EBDAB7A10D3}"
EndProject
Project("{2150E333-8FDC-42A3-9474-1A3956D46DE8}") = "Components", "Components", "{2558819B-7A16-4F76-81FA-015F555E76AD}"
EndProject
Project("{9A19103F-16F7-4668-BE54-9A1E7A4F7556}") = "MyServer.ViewComponents.Common", "src\Components\MyServer.ViewComponents.Common\MyServer.ViewComponents.Common.csproj", "{3C936976-E243-43E3-B6F2-AB8BC29F3A40}"
EndProject
Project("{9A19103F-16F7-4668-BE54-9A1E7A4F7556}") = "MyServer.ViewComponents.ImageGallery", "src\Components\MyServer.ViewComponents.ImageGallery\MyServer.ViewComponents.ImageGallery.csproj", "{5F62805B-3E17-4C5E-A51D-8A86D9152648}"
EndProject
Project("{9A19103F-16F7-4668-BE54-9A1E7A4F7556}") = "MyServer.Services.Content", "src\Services\MyServer.Services.Content\MyServer.Services.Content.csproj", "{F9DF9F75-7744-4639-B2A9-03CACB502D20}"
EndProject
Project("{FAE04EC0-301F-11D3-BF4B-00C04F79EFBC}") = "MyServer.Services.SmartHome", "src\Services\MyServer.Services.SmartHome\MyServer.Services.SmartHome.csproj", "{F9DC7ADD-0C71-4C9A-AA1B-62DD7EF28D20}"
EndProject
Global
	GlobalSection(SolutionConfigurationPlatforms) = preSolution
		Debug|Any CPU = Debug|Any CPU
		Release|Any CPU = Release|Any CPU
	EndGlobalSection
	GlobalSection(ProjectConfigurationPlatforms) = postSolution
		{6A9A1C5B-F78C-4FB5-9BF5-5B89F196C393}.Debug|Any CPU.ActiveCfg = Debug|Any CPU
		{6A9A1C5B-F78C-4FB5-9BF5-5B89F196C393}.Debug|Any CPU.Build.0 = Debug|Any CPU
		{6A9A1C5B-F78C-4FB5-9BF5-5B89F196C393}.Release|Any CPU.ActiveCfg = Release|Any CPU
		{6A9A1C5B-F78C-4FB5-9BF5-5B89F196C393}.Release|Any CPU.Build.0 = Release|Any CPU
		{CA7541EF-4AC8-46ED-92C8-B84BB51E0CD1}.Debug|Any CPU.ActiveCfg = Debug|Any CPU
		{CA7541EF-4AC8-46ED-92C8-B84BB51E0CD1}.Debug|Any CPU.Build.0 = Debug|Any CPU
		{CA7541EF-4AC8-46ED-92C8-B84BB51E0CD1}.Release|Any CPU.ActiveCfg = Release|Any CPU
		{CA7541EF-4AC8-46ED-92C8-B84BB51E0CD1}.Release|Any CPU.Build.0 = Release|Any CPU
		{31A164B1-2EFB-4D38-A2C1-7D5DDCA6E4EF}.Debug|Any CPU.ActiveCfg = Debug|Any CPU
		{31A164B1-2EFB-4D38-A2C1-7D5DDCA6E4EF}.Debug|Any CPU.Build.0 = Debug|Any CPU
		{31A164B1-2EFB-4D38-A2C1-7D5DDCA6E4EF}.Release|Any CPU.ActiveCfg = Release|Any CPU
		{31A164B1-2EFB-4D38-A2C1-7D5DDCA6E4EF}.Release|Any CPU.Build.0 = Release|Any CPU
		{4083123F-32AF-4220-9EFF-C817EC6E67B7}.Debug|Any CPU.ActiveCfg = Debug|Any CPU
		{4083123F-32AF-4220-9EFF-C817EC6E67B7}.Debug|Any CPU.Build.0 = Debug|Any CPU
		{4083123F-32AF-4220-9EFF-C817EC6E67B7}.Release|Any CPU.ActiveCfg = Release|Any CPU
		{4083123F-32AF-4220-9EFF-C817EC6E67B7}.Release|Any CPU.Build.0 = Release|Any CPU
		{AA7C26B4-BD97-46B5-8A9D-E8FF256486AA}.Debug|Any CPU.ActiveCfg = Debug|Any CPU
		{AA7C26B4-BD97-46B5-8A9D-E8FF256486AA}.Debug|Any CPU.Build.0 = Debug|Any CPU
		{AA7C26B4-BD97-46B5-8A9D-E8FF256486AA}.Release|Any CPU.ActiveCfg = Release|Any CPU
		{AA7C26B4-BD97-46B5-8A9D-E8FF256486AA}.Release|Any CPU.Build.0 = Release|Any CPU
		{1D63AC61-F060-4B7C-8631-1451B64FDB2E}.Debug|Any CPU.ActiveCfg = Debug|Any CPU
		{1D63AC61-F060-4B7C-8631-1451B64FDB2E}.Debug|Any CPU.Build.0 = Debug|Any CPU
		{1D63AC61-F060-4B7C-8631-1451B64FDB2E}.Release|Any CPU.ActiveCfg = Release|Any CPU
		{1D63AC61-F060-4B7C-8631-1451B64FDB2E}.Release|Any CPU.Build.0 = Release|Any CPU
		{8D60ACD2-298F-46AE-A7C6-5AEB2B4A47BC}.Debug|Any CPU.ActiveCfg = Debug|Any CPU
		{8D60ACD2-298F-46AE-A7C6-5AEB2B4A47BC}.Debug|Any CPU.Build.0 = Debug|Any CPU
		{8D60ACD2-298F-46AE-A7C6-5AEB2B4A47BC}.Release|Any CPU.ActiveCfg = Release|Any CPU
		{8D60ACD2-298F-46AE-A7C6-5AEB2B4A47BC}.Release|Any CPU.Build.0 = Release|Any CPU
		{A9727746-0231-42B8-83DC-F2D1AA6E337F}.Debug|Any CPU.ActiveCfg = Debug|Any CPU
		{A9727746-0231-42B8-83DC-F2D1AA6E337F}.Debug|Any CPU.Build.0 = Debug|Any CPU
		{A9727746-0231-42B8-83DC-F2D1AA6E337F}.Release|Any CPU.ActiveCfg = Release|Any CPU
		{A9727746-0231-42B8-83DC-F2D1AA6E337F}.Release|Any CPU.Build.0 = Release|Any CPU
		{7BCB6015-CBDE-4990-B14F-4EBDAB7A10D3}.Debug|Any CPU.ActiveCfg = Debug|Any CPU
		{7BCB6015-CBDE-4990-B14F-4EBDAB7A10D3}.Debug|Any CPU.Build.0 = Debug|Any CPU
		{7BCB6015-CBDE-4990-B14F-4EBDAB7A10D3}.Release|Any CPU.ActiveCfg = Release|Any CPU
		{7BCB6015-CBDE-4990-B14F-4EBDAB7A10D3}.Release|Any CPU.Build.0 = Release|Any CPU
		{3C936976-E243-43E3-B6F2-AB8BC29F3A40}.Debug|Any CPU.ActiveCfg = Debug|Any CPU
		{3C936976-E243-43E3-B6F2-AB8BC29F3A40}.Debug|Any CPU.Build.0 = Debug|Any CPU
		{3C936976-E243-43E3-B6F2-AB8BC29F3A40}.Release|Any CPU.ActiveCfg = Release|Any CPU
		{3C936976-E243-43E3-B6F2-AB8BC29F3A40}.Release|Any CPU.Build.0 = Release|Any CPU
		{5F62805B-3E17-4C5E-A51D-8A86D9152648}.Debug|Any CPU.ActiveCfg = Debug|Any CPU
		{5F62805B-3E17-4C5E-A51D-8A86D9152648}.Debug|Any CPU.Build.0 = Debug|Any CPU
		{5F62805B-3E17-4C5E-A51D-8A86D9152648}.Release|Any CPU.ActiveCfg = Release|Any CPU
		{5F62805B-3E17-4C5E-A51D-8A86D9152648}.Release|Any CPU.Build.0 = Release|Any CPU
		{F9DF9F75-7744-4639-B2A9-03CACB502D20}.Debug|Any CPU.ActiveCfg = Debug|Any CPU
		{F9DF9F75-7744-4639-B2A9-03CACB502D20}.Debug|Any CPU.Build.0 = Debug|Any CPU
		{F9DF9F75-7744-4639-B2A9-03CACB502D20}.Release|Any CPU.ActiveCfg = Release|Any CPU
		{F9DF9F75-7744-4639-B2A9-03CACB502D20}.Release|Any CPU.Build.0 = Release|Any CPU
		{F9DC7ADD-0C71-4C9A-AA1B-62DD7EF28D20}.Debug|Any CPU.ActiveCfg = Debug|Any CPU
		{F9DC7ADD-0C71-4C9A-AA1B-62DD7EF28D20}.Debug|Any CPU.Build.0 = Debug|Any CPU
		{F9DC7ADD-0C71-4C9A-AA1B-62DD7EF28D20}.Release|Any CPU.ActiveCfg = Release|Any CPU
		{F9DC7ADD-0C71-4C9A-AA1B-62DD7EF28D20}.Release|Any CPU.Build.0 = Release|Any CPU
	EndGlobalSection
	GlobalSection(SolutionProperties) = preSolution
		HideSolutionNode = FALSE
	EndGlobalSection
	GlobalSection(NestedProjects) = preSolution
		{6A9A1C5B-F78C-4FB5-9BF5-5B89F196C393} = {47D9B337-395C-4622-8A95-BA82EB70CC12}
		{CA7541EF-4AC8-46ED-92C8-B84BB51E0CD1} = {4B29F1A1-3CF1-4A53-9547-C45E93146CEC}
		{31A164B1-2EFB-4D38-A2C1-7D5DDCA6E4EF} = {4B29F1A1-3CF1-4A53-9547-C45E93146CEC}
		{4083123F-32AF-4220-9EFF-C817EC6E67B7} = {58632038-1828-45F7-AC47-DC1D3791DCF2}
		{AA7C26B4-BD97-46B5-8A9D-E8FF256486AA} = {58632038-1828-45F7-AC47-DC1D3791DCF2}
		{1D63AC61-F060-4B7C-8631-1451B64FDB2E} = {58632038-1828-45F7-AC47-DC1D3791DCF2}
		{8D60ACD2-298F-46AE-A7C6-5AEB2B4A47BC} = {F2CEEBA0-4B95-4660-9223-D377ED32A92A}
		{A9727746-0231-42B8-83DC-F2D1AA6E337F} = {F2CEEBA0-4B95-4660-9223-D377ED32A92A}
		{7BCB6015-CBDE-4990-B14F-4EBDAB7A10D3} = {F2CEEBA0-4B95-4660-9223-D377ED32A92A}
		{3C936976-E243-43E3-B6F2-AB8BC29F3A40} = {2558819B-7A16-4F76-81FA-015F555E76AD}
		{5F62805B-3E17-4C5E-A51D-8A86D9152648} = {2558819B-7A16-4F76-81FA-015F555E76AD}
		{F9DF9F75-7744-4639-B2A9-03CACB502D20} = {F2CEEBA0-4B95-4660-9223-D377ED32A92A}
		{F9DC7ADD-0C71-4C9A-AA1B-62DD7EF28D20} = {F2CEEBA0-4B95-4660-9223-D377ED32A92A}
	EndGlobalSection
	GlobalSection(ExtensibilityGlobals) = postSolution
		SolutionGuid = {4315B81C-F362-4D02-8147-83A31C5DCABA}
	EndGlobalSection
EndGlobal
