
Microsoft Visual Studio Solution File, Format Version 12.00
# Visual Studio 15
VisualStudioVersion = 15.0.25920.0
MinimumVisualStudioVersion = 10.0.40219.1
Project("{2150E333-8FDC-42A3-9474-1A3956D46DE8}") = "Common", "Common", "{B3AC3E7F-B7E6-42F5-901D-2C2399B95E8D}"
EndProject
Project("{FAE04EC0-301F-11D3-BF4B-00C04F79EFBC}") = "MyServer.Common", "src\Common\MyServer.Common\MyServer.Common.csproj", "{9A9CE067-88A9-4BE8-A764-D555D326B435}"
EndProject
Project("{FAE04EC0-301F-11D3-BF4B-00C04F79EFBC}") = "MyServer.Common.ImageGallery", "src\Common\MyServer.Common.ImageGallery\MyServer.Common.ImageGallery.csproj", "{848F9B07-BF03-44D2-ACBB-C8E1AF2F303C}"
EndProject
Project("{2150E333-8FDC-42A3-9474-1A3956D46DE8}") = "Data", "Data", "{A1E8088E-51C4-448E-84A0-7FD0301F6823}"
EndProject
Project("{FAE04EC0-301F-11D3-BF4B-00C04F79EFBC}") = "MyServer.Data.Common", "src\Data\MyServer.Data.Common\MyServer.Data.Common.csproj", "{20DD7828-6503-46B5-B850-427F92A8C274}"
EndProject
Project("{FAE04EC0-301F-11D3-BF4B-00C04F79EFBC}") = "MyServer.Data", "src\Data\MyServer.Data\MyServer.Data.csproj", "{C1792656-2973-4998-AA6A-471E1DDB8AFB}"
EndProject
Project("{FAE04EC0-301F-11D3-BF4B-00C04F79EFBC}") = "MyServer.Data.Models", "src\Data\MyServer.Data.Models\MyServer.Data.Models.csproj", "{3207AD6E-0184-400C-B0F5-91B64D1977FD}"
EndProject
Project("{2150E333-8FDC-42A3-9474-1A3956D46DE8}") = "Services", "Services", "{305AFAC6-340C-4ADE-B0DD-59D4376DE276}"
EndProject
Project("{FAE04EC0-301F-11D3-BF4B-00C04F79EFBC}") = "MyServer.Services.Users", "src\Services\MyServer.Services.Users\MyServer.Services.Users.csproj", "{EB95C172-042E-4D97-8F87-ED7AEF2E5796}"
EndProject
Project("{FAE04EC0-301F-11D3-BF4B-00C04F79EFBC}") = "MyServer.Services.Mappings", "src\Services\MyServer.Services.Mappings\MyServer.Services.Mappings.csproj", "{0E8383FC-B114-474B-BCFE-FE11F17B7588}"
EndProject
Project("{FAE04EC0-301F-11D3-BF4B-00C04F79EFBC}") = "MyServer.Services.ImageGallery", "src\Services\MyServer.Services.ImageGallery\MyServer.Services.ImageGallery.csproj", "{418256D2-627D-4668-B7FB-40D359A2D261}"
EndProject
Project("{2150E333-8FDC-42A3-9474-1A3956D46DE8}") = "Components", "Components", "{94B6B544-BBA5-4889-B601-A52A97E60E14}"
EndProject
Project("{FAE04EC0-301F-11D3-BF4B-00C04F79EFBC}") = "MyServer.ViewComponents.Common", "src\Components\MyServer.ViewComponents.Common\MyServer.ViewComponents.Common.csproj", "{613BF766-F1BF-45F2-9134-D901F02ED944}"
EndProject
Project("{FAE04EC0-301F-11D3-BF4B-00C04F79EFBC}") = "MyServer.ViewComponents.ImageGallery", "src\Components\MyServer.ViewComponents.ImageGallery\MyServer.ViewComponents.ImageGallery.csproj", "{EE41943B-66B8-4D0B-BE0A-7924575CA1F1}"
EndProject
Project("{2150E333-8FDC-42A3-9474-1A3956D46DE8}") = "Web", "Web", "{31811CEF-F2B6-43BD-A3D2-F5E6DF531E4C}"
EndProject
Project("{FAE04EC0-301F-11D3-BF4B-00C04F79EFBC}") = "MyServer.Web", "src\Web\MyServer.Web\MyServer.Web.csproj", "{6604B4A0-469B-4935-8466-7C56CDDFBAEE}"
EndProject
Global
	GlobalSection(SolutionConfigurationPlatforms) = preSolution
		Debug|Any CPU = Debug|Any CPU
		Debug|x64 = Debug|x64
		Debug|x86 = Debug|x86
		Release|Any CPU = Release|Any CPU
		Release|x64 = Release|x64
		Release|x86 = Release|x86
	EndGlobalSection
	GlobalSection(ProjectConfigurationPlatforms) = postSolution
		{9A9CE067-88A9-4BE8-A764-D555D326B435}.Debug|Any CPU.ActiveCfg = Debug|Any CPU
		{9A9CE067-88A9-4BE8-A764-D555D326B435}.Debug|Any CPU.Build.0 = Debug|Any CPU
		{9A9CE067-88A9-4BE8-A764-D555D326B435}.Debug|x64.ActiveCfg = Debug|Any CPU
		{9A9CE067-88A9-4BE8-A764-D555D326B435}.Debug|x86.ActiveCfg = Debug|Any CPU
		{9A9CE067-88A9-4BE8-A764-D555D326B435}.Release|Any CPU.ActiveCfg = Release|Any CPU
		{9A9CE067-88A9-4BE8-A764-D555D326B435}.Release|Any CPU.Build.0 = Release|Any CPU
		{9A9CE067-88A9-4BE8-A764-D555D326B435}.Release|x64.ActiveCfg = Release|Any CPU
		{9A9CE067-88A9-4BE8-A764-D555D326B435}.Release|x86.ActiveCfg = Release|Any CPU
		{848F9B07-BF03-44D2-ACBB-C8E1AF2F303C}.Debug|Any CPU.ActiveCfg = Debug|Any CPU
		{848F9B07-BF03-44D2-ACBB-C8E1AF2F303C}.Debug|Any CPU.Build.0 = Debug|Any CPU
		{848F9B07-BF03-44D2-ACBB-C8E1AF2F303C}.Debug|x64.ActiveCfg = Debug|Any CPU
		{848F9B07-BF03-44D2-ACBB-C8E1AF2F303C}.Debug|x86.ActiveCfg = Debug|Any CPU
		{848F9B07-BF03-44D2-ACBB-C8E1AF2F303C}.Release|Any CPU.ActiveCfg = Release|Any CPU
		{848F9B07-BF03-44D2-ACBB-C8E1AF2F303C}.Release|Any CPU.Build.0 = Release|Any CPU
		{848F9B07-BF03-44D2-ACBB-C8E1AF2F303C}.Release|x64.ActiveCfg = Release|Any CPU
		{848F9B07-BF03-44D2-ACBB-C8E1AF2F303C}.Release|x86.ActiveCfg = Release|Any CPU
		{20DD7828-6503-46B5-B850-427F92A8C274}.Debug|Any CPU.ActiveCfg = Debug|Any CPU
		{20DD7828-6503-46B5-B850-427F92A8C274}.Debug|Any CPU.Build.0 = Debug|Any CPU
		{20DD7828-6503-46B5-B850-427F92A8C274}.Debug|x64.ActiveCfg = Debug|Any CPU
		{20DD7828-6503-46B5-B850-427F92A8C274}.Debug|x86.ActiveCfg = Debug|Any CPU
		{20DD7828-6503-46B5-B850-427F92A8C274}.Release|Any CPU.ActiveCfg = Release|Any CPU
		{20DD7828-6503-46B5-B850-427F92A8C274}.Release|Any CPU.Build.0 = Release|Any CPU
		{20DD7828-6503-46B5-B850-427F92A8C274}.Release|x64.ActiveCfg = Release|Any CPU
		{20DD7828-6503-46B5-B850-427F92A8C274}.Release|x86.ActiveCfg = Release|Any CPU
		{C1792656-2973-4998-AA6A-471E1DDB8AFB}.Debug|Any CPU.ActiveCfg = Debug|Any CPU
		{C1792656-2973-4998-AA6A-471E1DDB8AFB}.Debug|Any CPU.Build.0 = Debug|Any CPU
		{C1792656-2973-4998-AA6A-471E1DDB8AFB}.Debug|x64.ActiveCfg = Debug|Any CPU
		{C1792656-2973-4998-AA6A-471E1DDB8AFB}.Debug|x86.ActiveCfg = Debug|Any CPU
		{C1792656-2973-4998-AA6A-471E1DDB8AFB}.Release|Any CPU.ActiveCfg = Release|Any CPU
		{C1792656-2973-4998-AA6A-471E1DDB8AFB}.Release|Any CPU.Build.0 = Release|Any CPU
		{C1792656-2973-4998-AA6A-471E1DDB8AFB}.Release|x64.ActiveCfg = Release|Any CPU
		{C1792656-2973-4998-AA6A-471E1DDB8AFB}.Release|x86.ActiveCfg = Release|Any CPU
		{3207AD6E-0184-400C-B0F5-91B64D1977FD}.Debug|Any CPU.ActiveCfg = Debug|Any CPU
		{3207AD6E-0184-400C-B0F5-91B64D1977FD}.Debug|Any CPU.Build.0 = Debug|Any CPU
		{3207AD6E-0184-400C-B0F5-91B64D1977FD}.Debug|x64.ActiveCfg = Debug|Any CPU
		{3207AD6E-0184-400C-B0F5-91B64D1977FD}.Debug|x86.ActiveCfg = Debug|Any CPU
		{3207AD6E-0184-400C-B0F5-91B64D1977FD}.Release|Any CPU.ActiveCfg = Release|Any CPU
		{3207AD6E-0184-400C-B0F5-91B64D1977FD}.Release|Any CPU.Build.0 = Release|Any CPU
		{3207AD6E-0184-400C-B0F5-91B64D1977FD}.Release|x64.ActiveCfg = Release|Any CPU
		{3207AD6E-0184-400C-B0F5-91B64D1977FD}.Release|x86.ActiveCfg = Release|Any CPU
		{EB95C172-042E-4D97-8F87-ED7AEF2E5796}.Debug|Any CPU.ActiveCfg = Debug|Any CPU
		{EB95C172-042E-4D97-8F87-ED7AEF2E5796}.Debug|Any CPU.Build.0 = Debug|Any CPU
		{EB95C172-042E-4D97-8F87-ED7AEF2E5796}.Debug|x64.ActiveCfg = Debug|Any CPU
		{EB95C172-042E-4D97-8F87-ED7AEF2E5796}.Debug|x86.ActiveCfg = Debug|Any CPU
		{EB95C172-042E-4D97-8F87-ED7AEF2E5796}.Release|Any CPU.ActiveCfg = Release|Any CPU
		{EB95C172-042E-4D97-8F87-ED7AEF2E5796}.Release|Any CPU.Build.0 = Release|Any CPU
		{EB95C172-042E-4D97-8F87-ED7AEF2E5796}.Release|x64.ActiveCfg = Release|Any CPU
		{EB95C172-042E-4D97-8F87-ED7AEF2E5796}.Release|x86.ActiveCfg = Release|Any CPU
		{0E8383FC-B114-474B-BCFE-FE11F17B7588}.Debug|Any CPU.ActiveCfg = Debug|Any CPU
		{0E8383FC-B114-474B-BCFE-FE11F17B7588}.Debug|Any CPU.Build.0 = Debug|Any CPU
		{0E8383FC-B114-474B-BCFE-FE11F17B7588}.Debug|x64.ActiveCfg = Debug|Any CPU
		{0E8383FC-B114-474B-BCFE-FE11F17B7588}.Debug|x86.ActiveCfg = Debug|Any CPU
		{0E8383FC-B114-474B-BCFE-FE11F17B7588}.Release|Any CPU.ActiveCfg = Release|Any CPU
		{0E8383FC-B114-474B-BCFE-FE11F17B7588}.Release|Any CPU.Build.0 = Release|Any CPU
		{0E8383FC-B114-474B-BCFE-FE11F17B7588}.Release|x64.ActiveCfg = Release|Any CPU
		{0E8383FC-B114-474B-BCFE-FE11F17B7588}.Release|x86.ActiveCfg = Release|Any CPU
		{418256D2-627D-4668-B7FB-40D359A2D261}.Debug|Any CPU.ActiveCfg = Debug|Any CPU
		{418256D2-627D-4668-B7FB-40D359A2D261}.Debug|Any CPU.Build.0 = Debug|Any CPU
		{418256D2-627D-4668-B7FB-40D359A2D261}.Debug|x64.ActiveCfg = Debug|Any CPU
		{418256D2-627D-4668-B7FB-40D359A2D261}.Debug|x86.ActiveCfg = Debug|Any CPU
		{418256D2-627D-4668-B7FB-40D359A2D261}.Release|Any CPU.ActiveCfg = Release|Any CPU
		{418256D2-627D-4668-B7FB-40D359A2D261}.Release|Any CPU.Build.0 = Release|Any CPU
		{418256D2-627D-4668-B7FB-40D359A2D261}.Release|x64.ActiveCfg = Release|Any CPU
		{418256D2-627D-4668-B7FB-40D359A2D261}.Release|x86.ActiveCfg = Release|Any CPU
		{613BF766-F1BF-45F2-9134-D901F02ED944}.Debug|Any CPU.ActiveCfg = Debug|Any CPU
		{613BF766-F1BF-45F2-9134-D901F02ED944}.Debug|Any CPU.Build.0 = Debug|Any CPU
		{613BF766-F1BF-45F2-9134-D901F02ED944}.Debug|x64.ActiveCfg = Debug|Any CPU
		{613BF766-F1BF-45F2-9134-D901F02ED944}.Debug|x86.ActiveCfg = Debug|Any CPU
		{613BF766-F1BF-45F2-9134-D901F02ED944}.Release|Any CPU.ActiveCfg = Release|Any CPU
		{613BF766-F1BF-45F2-9134-D901F02ED944}.Release|Any CPU.Build.0 = Release|Any CPU
		{613BF766-F1BF-45F2-9134-D901F02ED944}.Release|x64.ActiveCfg = Release|Any CPU
		{613BF766-F1BF-45F2-9134-D901F02ED944}.Release|x86.ActiveCfg = Release|Any CPU
		{EE41943B-66B8-4D0B-BE0A-7924575CA1F1}.Debug|Any CPU.ActiveCfg = Debug|Any CPU
		{EE41943B-66B8-4D0B-BE0A-7924575CA1F1}.Debug|Any CPU.Build.0 = Debug|Any CPU
		{EE41943B-66B8-4D0B-BE0A-7924575CA1F1}.Debug|x64.ActiveCfg = Debug|Any CPU
		{EE41943B-66B8-4D0B-BE0A-7924575CA1F1}.Debug|x86.ActiveCfg = Debug|Any CPU
		{EE41943B-66B8-4D0B-BE0A-7924575CA1F1}.Release|Any CPU.ActiveCfg = Release|Any CPU
		{EE41943B-66B8-4D0B-BE0A-7924575CA1F1}.Release|Any CPU.Build.0 = Release|Any CPU
		{EE41943B-66B8-4D0B-BE0A-7924575CA1F1}.Release|x64.ActiveCfg = Release|Any CPU
		{EE41943B-66B8-4D0B-BE0A-7924575CA1F1}.Release|x86.ActiveCfg = Release|Any CPU
		{6604B4A0-469B-4935-8466-7C56CDDFBAEE}.Debug|Any CPU.ActiveCfg = Debug|Any CPU
		{6604B4A0-469B-4935-8466-7C56CDDFBAEE}.Debug|Any CPU.Build.0 = Debug|Any CPU
		{6604B4A0-469B-4935-8466-7C56CDDFBAEE}.Debug|x64.ActiveCfg = Debug|Any CPU
		{6604B4A0-469B-4935-8466-7C56CDDFBAEE}.Debug|x64.Build.0 = Debug|Any CPU
		{6604B4A0-469B-4935-8466-7C56CDDFBAEE}.Debug|x86.ActiveCfg = Debug|Any CPU
		{6604B4A0-469B-4935-8466-7C56CDDFBAEE}.Debug|x86.Build.0 = Debug|Any CPU
		{6604B4A0-469B-4935-8466-7C56CDDFBAEE}.Release|Any CPU.ActiveCfg = Release|Any CPU
		{6604B4A0-469B-4935-8466-7C56CDDFBAEE}.Release|Any CPU.Build.0 = Release|Any CPU
		{6604B4A0-469B-4935-8466-7C56CDDFBAEE}.Release|x64.ActiveCfg = Release|Any CPU
		{6604B4A0-469B-4935-8466-7C56CDDFBAEE}.Release|x64.Build.0 = Release|Any CPU
		{6604B4A0-469B-4935-8466-7C56CDDFBAEE}.Release|x86.ActiveCfg = Release|Any CPU
		{6604B4A0-469B-4935-8466-7C56CDDFBAEE}.Release|x86.Build.0 = Release|Any CPU
	EndGlobalSection
	GlobalSection(SolutionProperties) = preSolution
		HideSolutionNode = FALSE
	EndGlobalSection
	GlobalSection(NestedProjects) = preSolution
		{9A9CE067-88A9-4BE8-A764-D555D326B435} = {B3AC3E7F-B7E6-42F5-901D-2C2399B95E8D}
		{848F9B07-BF03-44D2-ACBB-C8E1AF2F303C} = {B3AC3E7F-B7E6-42F5-901D-2C2399B95E8D}
		{20DD7828-6503-46B5-B850-427F92A8C274} = {A1E8088E-51C4-448E-84A0-7FD0301F6823}
		{C1792656-2973-4998-AA6A-471E1DDB8AFB} = {A1E8088E-51C4-448E-84A0-7FD0301F6823}
		{3207AD6E-0184-400C-B0F5-91B64D1977FD} = {A1E8088E-51C4-448E-84A0-7FD0301F6823}
		{EB95C172-042E-4D97-8F87-ED7AEF2E5796} = {305AFAC6-340C-4ADE-B0DD-59D4376DE276}
		{0E8383FC-B114-474B-BCFE-FE11F17B7588} = {305AFAC6-340C-4ADE-B0DD-59D4376DE276}
		{418256D2-627D-4668-B7FB-40D359A2D261} = {305AFAC6-340C-4ADE-B0DD-59D4376DE276}
		{613BF766-F1BF-45F2-9134-D901F02ED944} = {94B6B544-BBA5-4889-B601-A52A97E60E14}
		{EE41943B-66B8-4D0B-BE0A-7924575CA1F1} = {94B6B544-BBA5-4889-B601-A52A97E60E14}
		{6604B4A0-469B-4935-8466-7C56CDDFBAEE} = {31811CEF-F2B6-43BD-A3D2-F5E6DF531E4C}
	EndGlobalSection
EndGlobal
