
Microsoft Visual Studio Solution File, Format Version 12.00
# Visual Studio 15
VisualStudioVersion = 15.0.25920.0
MinimumVisualStudioVersion = 10.0.40219.1
Project("{2150E333-8FDC-42A3-9474-1A3956D46DE8}") = "Common", "Common", "{D418F5B0-E7D6-415C-86CA-5B56E7126071}"
EndProject
Project("{2150E333-8FDC-42A3-9474-1A3956D46DE8}") = "Components", "Components", "{B0741E34-5FAD-457E-B6B0-A2E52486DA72}"
EndProject
Project("{2150E333-8FDC-42A3-9474-1A3956D46DE8}") = "Data", "Data", "{6F0917AF-B308-4AB9-BC6D-5DA26252B8DE}"
EndProject
Project("{2150E333-8FDC-42A3-9474-1A3956D46DE8}") = "Services", "Services", "{3BF38219-1086-4443-AF95-610112ECC286}"
EndProject
Project("{9A19103F-16F7-4668-BE54-9A1E7A4F7556}") = "MyServer.Common", "src\Common\MyServer.Common\MyServer.Common.csproj", "{C4ABDD48-086A-4350-A12C-B4F102399B98}"
EndProject
Project("{9A19103F-16F7-4668-BE54-9A1E7A4F7556}") = "MyServer.Common.ImageGallery", "src\Common\MyServer.Common.ImageGallery\MyServer.Common.ImageGallery.csproj", "{4B557C74-5AB1-4FEB-A7B8-A7B81581B2AD}"
EndProject
Project("{9A19103F-16F7-4668-BE54-9A1E7A4F7556}") = "MyServer.ViewComponents.Common", "src\Components\MyServer.ViewComponents.Common\MyServer.ViewComponents.Common.csproj", "{0FCB453B-76DC-4599-9F22-C294D043DEAB}"
EndProject
Project("{9A19103F-16F7-4668-BE54-9A1E7A4F7556}") = "MyServer.ViewComponents.ImageGallery", "src\Components\MyServer.ViewComponents.ImageGallery\MyServer.ViewComponents.ImageGallery.csproj", "{6FFF7AE7-B12C-44F6-BBA5-418A209B12A6}"
EndProject
Project("{9A19103F-16F7-4668-BE54-9A1E7A4F7556}") = "MyServer.Data", "src\Data\MyServer.Data\MyServer.Data.csproj", "{0C859164-A068-40BC-B142-173EC602AF3D}"
EndProject
Project("{9A19103F-16F7-4668-BE54-9A1E7A4F7556}") = "MyServer.Data.Common", "src\Data\MyServer.Data.Common\MyServer.Data.Common.csproj", "{38BDAE84-F2D3-4F5F-BA69-BA44E6569FEE}"
EndProject
Project("{9A19103F-16F7-4668-BE54-9A1E7A4F7556}") = "MyServer.Data.Models", "src\Data\MyServer.Data.Models\MyServer.Data.Models.csproj", "{59E2C94E-560E-4193-8278-1D4706D63AC5}"
EndProject
Project("{9A19103F-16F7-4668-BE54-9A1E7A4F7556}") = "MyServer.Services.ImageGallery", "src\Services\MyServer.Services.ImageGallery\MyServer.Services.ImageGallery.csproj", "{33C7D806-A736-48DD-8C3E-92599CAEAED0}"
EndProject
Project("{9A19103F-16F7-4668-BE54-9A1E7A4F7556}") = "MyServer.Services.Mappings", "src\Services\MyServer.Services.Mappings\MyServer.Services.Mappings.csproj", "{D1C3319A-1B41-4F16-8A8F-93C80C5ED56C}"
EndProject
Project("{9A19103F-16F7-4668-BE54-9A1E7A4F7556}") = "MyServer.Services.Users", "src\Services\MyServer.Services.Users\MyServer.Services.Users.csproj", "{A2CBAB24-6996-4B35-BADA-B88E69FD1235}"
EndProject
Project("{2150E333-8FDC-42A3-9474-1A3956D46DE8}") = "Web", "Web", "{0D2BCE35-DB35-47B6-9649-A24279EB1EFF}"
EndProject
Project("{FAE04EC0-301F-11D3-BF4B-00C04F79EFBC}") = "MyServer.Web", "src\Web\MyServer.Web\MyServer.Web.csproj", "{C39215B6-C77A-4B9F-8EFD-32F212298D02}"
EndProject
Global
	GlobalSection(SolutionConfigurationPlatforms) = preSolution
		Debug|Any CPU = Debug|Any CPU
		Debug|x64 = Debug|x64
		Debug|x86 = Debug|x86
		Release|Any CPU = Release|Any CPU
		Release|x64 = Release|x64
		Release|x86 = Release|x86
	EndGlobalSection
	GlobalSection(ProjectConfigurationPlatforms) = postSolution
		{C4ABDD48-086A-4350-A12C-B4F102399B98}.Debug|Any CPU.ActiveCfg = Debug|Any CPU
		{C4ABDD48-086A-4350-A12C-B4F102399B98}.Debug|Any CPU.Build.0 = Debug|Any CPU
		{C4ABDD48-086A-4350-A12C-B4F102399B98}.Debug|x64.ActiveCfg = Debug|x64
		{C4ABDD48-086A-4350-A12C-B4F102399B98}.Debug|x64.Build.0 = Debug|x64
		{C4ABDD48-086A-4350-A12C-B4F102399B98}.Debug|x86.ActiveCfg = Debug|x86
		{C4ABDD48-086A-4350-A12C-B4F102399B98}.Debug|x86.Build.0 = Debug|x86
		{C4ABDD48-086A-4350-A12C-B4F102399B98}.Release|Any CPU.ActiveCfg = Release|Any CPU
		{C4ABDD48-086A-4350-A12C-B4F102399B98}.Release|Any CPU.Build.0 = Release|Any CPU
		{C4ABDD48-086A-4350-A12C-B4F102399B98}.Release|x64.ActiveCfg = Release|x64
		{C4ABDD48-086A-4350-A12C-B4F102399B98}.Release|x64.Build.0 = Release|x64
		{C4ABDD48-086A-4350-A12C-B4F102399B98}.Release|x86.ActiveCfg = Release|x86
		{C4ABDD48-086A-4350-A12C-B4F102399B98}.Release|x86.Build.0 = Release|x86
		{4B557C74-5AB1-4FEB-A7B8-A7B81581B2AD}.Debug|Any CPU.ActiveCfg = Debug|Any CPU
		{4B557C74-5AB1-4FEB-A7B8-A7B81581B2AD}.Debug|Any CPU.Build.0 = Debug|Any CPU
		{4B557C74-5AB1-4FEB-A7B8-A7B81581B2AD}.Debug|x64.ActiveCfg = Debug|x64
		{4B557C74-5AB1-4FEB-A7B8-A7B81581B2AD}.Debug|x64.Build.0 = Debug|x64
		{4B557C74-5AB1-4FEB-A7B8-A7B81581B2AD}.Debug|x86.ActiveCfg = Debug|x86
		{4B557C74-5AB1-4FEB-A7B8-A7B81581B2AD}.Debug|x86.Build.0 = Debug|x86
		{4B557C74-5AB1-4FEB-A7B8-A7B81581B2AD}.Release|Any CPU.ActiveCfg = Release|Any CPU
		{4B557C74-5AB1-4FEB-A7B8-A7B81581B2AD}.Release|Any CPU.Build.0 = Release|Any CPU
		{4B557C74-5AB1-4FEB-A7B8-A7B81581B2AD}.Release|x64.ActiveCfg = Release|x64
		{4B557C74-5AB1-4FEB-A7B8-A7B81581B2AD}.Release|x64.Build.0 = Release|x64
		{4B557C74-5AB1-4FEB-A7B8-A7B81581B2AD}.Release|x86.ActiveCfg = Release|x86
		{4B557C74-5AB1-4FEB-A7B8-A7B81581B2AD}.Release|x86.Build.0 = Release|x86
		{0FCB453B-76DC-4599-9F22-C294D043DEAB}.Debug|Any CPU.ActiveCfg = Debug|Any CPU
		{0FCB453B-76DC-4599-9F22-C294D043DEAB}.Debug|Any CPU.Build.0 = Debug|Any CPU
		{0FCB453B-76DC-4599-9F22-C294D043DEAB}.Debug|x64.ActiveCfg = Debug|Any CPU
		{0FCB453B-76DC-4599-9F22-C294D043DEAB}.Debug|x64.Build.0 = Debug|Any CPU
		{0FCB453B-76DC-4599-9F22-C294D043DEAB}.Debug|x86.ActiveCfg = Debug|Any CPU
		{0FCB453B-76DC-4599-9F22-C294D043DEAB}.Debug|x86.Build.0 = Debug|Any CPU
		{0FCB453B-76DC-4599-9F22-C294D043DEAB}.Release|Any CPU.ActiveCfg = Release|Any CPU
		{0FCB453B-76DC-4599-9F22-C294D043DEAB}.Release|Any CPU.Build.0 = Release|Any CPU
		{0FCB453B-76DC-4599-9F22-C294D043DEAB}.Release|x64.ActiveCfg = Release|Any CPU
		{0FCB453B-76DC-4599-9F22-C294D043DEAB}.Release|x64.Build.0 = Release|Any CPU
		{0FCB453B-76DC-4599-9F22-C294D043DEAB}.Release|x86.ActiveCfg = Release|Any CPU
		{0FCB453B-76DC-4599-9F22-C294D043DEAB}.Release|x86.Build.0 = Release|Any CPU
		{6FFF7AE7-B12C-44F6-BBA5-418A209B12A6}.Debug|Any CPU.ActiveCfg = Debug|Any CPU
		{6FFF7AE7-B12C-44F6-BBA5-418A209B12A6}.Debug|Any CPU.Build.0 = Debug|Any CPU
		{6FFF7AE7-B12C-44F6-BBA5-418A209B12A6}.Debug|x64.ActiveCfg = Debug|Any CPU
		{6FFF7AE7-B12C-44F6-BBA5-418A209B12A6}.Debug|x64.Build.0 = Debug|Any CPU
		{6FFF7AE7-B12C-44F6-BBA5-418A209B12A6}.Debug|x86.ActiveCfg = Debug|Any CPU
		{6FFF7AE7-B12C-44F6-BBA5-418A209B12A6}.Debug|x86.Build.0 = Debug|Any CPU
		{6FFF7AE7-B12C-44F6-BBA5-418A209B12A6}.Release|Any CPU.ActiveCfg = Release|Any CPU
		{6FFF7AE7-B12C-44F6-BBA5-418A209B12A6}.Release|Any CPU.Build.0 = Release|Any CPU
		{6FFF7AE7-B12C-44F6-BBA5-418A209B12A6}.Release|x64.ActiveCfg = Release|Any CPU
		{6FFF7AE7-B12C-44F6-BBA5-418A209B12A6}.Release|x64.Build.0 = Release|Any CPU
		{6FFF7AE7-B12C-44F6-BBA5-418A209B12A6}.Release|x86.ActiveCfg = Release|Any CPU
		{6FFF7AE7-B12C-44F6-BBA5-418A209B12A6}.Release|x86.Build.0 = Release|Any CPU
		{0C859164-A068-40BC-B142-173EC602AF3D}.Debug|Any CPU.ActiveCfg = Debug|Any CPU
		{0C859164-A068-40BC-B142-173EC602AF3D}.Debug|Any CPU.Build.0 = Debug|Any CPU
		{0C859164-A068-40BC-B142-173EC602AF3D}.Debug|x64.ActiveCfg = Debug|Any CPU
		{0C859164-A068-40BC-B142-173EC602AF3D}.Debug|x64.Build.0 = Debug|Any CPU
		{0C859164-A068-40BC-B142-173EC602AF3D}.Debug|x86.ActiveCfg = Debug|Any CPU
		{0C859164-A068-40BC-B142-173EC602AF3D}.Debug|x86.Build.0 = Debug|Any CPU
		{0C859164-A068-40BC-B142-173EC602AF3D}.Release|Any CPU.ActiveCfg = Release|Any CPU
		{0C859164-A068-40BC-B142-173EC602AF3D}.Release|Any CPU.Build.0 = Release|Any CPU
		{0C859164-A068-40BC-B142-173EC602AF3D}.Release|x64.ActiveCfg = Release|Any CPU
		{0C859164-A068-40BC-B142-173EC602AF3D}.Release|x64.Build.0 = Release|Any CPU
		{0C859164-A068-40BC-B142-173EC602AF3D}.Release|x86.ActiveCfg = Release|Any CPU
		{0C859164-A068-40BC-B142-173EC602AF3D}.Release|x86.Build.0 = Release|Any CPU
		{38BDAE84-F2D3-4F5F-BA69-BA44E6569FEE}.Debug|Any CPU.ActiveCfg = Debug|Any CPU
		{38BDAE84-F2D3-4F5F-BA69-BA44E6569FEE}.Debug|Any CPU.Build.0 = Debug|Any CPU
		{38BDAE84-F2D3-4F5F-BA69-BA44E6569FEE}.Debug|x64.ActiveCfg = Debug|x64
		{38BDAE84-F2D3-4F5F-BA69-BA44E6569FEE}.Debug|x64.Build.0 = Debug|x64
		{38BDAE84-F2D3-4F5F-BA69-BA44E6569FEE}.Debug|x86.ActiveCfg = Debug|x86
		{38BDAE84-F2D3-4F5F-BA69-BA44E6569FEE}.Debug|x86.Build.0 = Debug|x86
		{38BDAE84-F2D3-4F5F-BA69-BA44E6569FEE}.Release|Any CPU.ActiveCfg = Release|Any CPU
		{38BDAE84-F2D3-4F5F-BA69-BA44E6569FEE}.Release|Any CPU.Build.0 = Release|Any CPU
		{38BDAE84-F2D3-4F5F-BA69-BA44E6569FEE}.Release|x64.ActiveCfg = Release|x64
		{38BDAE84-F2D3-4F5F-BA69-BA44E6569FEE}.Release|x64.Build.0 = Release|x64
		{38BDAE84-F2D3-4F5F-BA69-BA44E6569FEE}.Release|x86.ActiveCfg = Release|x86
		{38BDAE84-F2D3-4F5F-BA69-BA44E6569FEE}.Release|x86.Build.0 = Release|x86
		{59E2C94E-560E-4193-8278-1D4706D63AC5}.Debug|Any CPU.ActiveCfg = Debug|Any CPU
		{59E2C94E-560E-4193-8278-1D4706D63AC5}.Debug|Any CPU.Build.0 = Debug|Any CPU
		{59E2C94E-560E-4193-8278-1D4706D63AC5}.Debug|x64.ActiveCfg = Debug|x64
		{59E2C94E-560E-4193-8278-1D4706D63AC5}.Debug|x64.Build.0 = Debug|x64
		{59E2C94E-560E-4193-8278-1D4706D63AC5}.Debug|x86.ActiveCfg = Debug|x86
		{59E2C94E-560E-4193-8278-1D4706D63AC5}.Debug|x86.Build.0 = Debug|x86
		{59E2C94E-560E-4193-8278-1D4706D63AC5}.Release|Any CPU.ActiveCfg = Release|Any CPU
		{59E2C94E-560E-4193-8278-1D4706D63AC5}.Release|Any CPU.Build.0 = Release|Any CPU
		{59E2C94E-560E-4193-8278-1D4706D63AC5}.Release|x64.ActiveCfg = Release|x64
		{59E2C94E-560E-4193-8278-1D4706D63AC5}.Release|x64.Build.0 = Release|x64
		{59E2C94E-560E-4193-8278-1D4706D63AC5}.Release|x86.ActiveCfg = Release|x86
		{59E2C94E-560E-4193-8278-1D4706D63AC5}.Release|x86.Build.0 = Release|x86
		{33C7D806-A736-48DD-8C3E-92599CAEAED0}.Debug|Any CPU.ActiveCfg = Debug|Any CPU
		{33C7D806-A736-48DD-8C3E-92599CAEAED0}.Debug|Any CPU.Build.0 = Debug|Any CPU
		{33C7D806-A736-48DD-8C3E-92599CAEAED0}.Debug|x64.ActiveCfg = Debug|Any CPU
		{33C7D806-A736-48DD-8C3E-92599CAEAED0}.Debug|x64.Build.0 = Debug|Any CPU
		{33C7D806-A736-48DD-8C3E-92599CAEAED0}.Debug|x86.ActiveCfg = Debug|Any CPU
		{33C7D806-A736-48DD-8C3E-92599CAEAED0}.Debug|x86.Build.0 = Debug|Any CPU
		{33C7D806-A736-48DD-8C3E-92599CAEAED0}.Release|Any CPU.ActiveCfg = Release|Any CPU
		{33C7D806-A736-48DD-8C3E-92599CAEAED0}.Release|Any CPU.Build.0 = Release|Any CPU
		{33C7D806-A736-48DD-8C3E-92599CAEAED0}.Release|x64.ActiveCfg = Release|Any CPU
		{33C7D806-A736-48DD-8C3E-92599CAEAED0}.Release|x64.Build.0 = Release|Any CPU
		{33C7D806-A736-48DD-8C3E-92599CAEAED0}.Release|x86.ActiveCfg = Release|Any CPU
		{33C7D806-A736-48DD-8C3E-92599CAEAED0}.Release|x86.Build.0 = Release|Any CPU
		{D1C3319A-1B41-4F16-8A8F-93C80C5ED56C}.Debug|Any CPU.ActiveCfg = Debug|Any CPU
		{D1C3319A-1B41-4F16-8A8F-93C80C5ED56C}.Debug|Any CPU.Build.0 = Debug|Any CPU
		{D1C3319A-1B41-4F16-8A8F-93C80C5ED56C}.Debug|x64.ActiveCfg = Debug|x64
		{D1C3319A-1B41-4F16-8A8F-93C80C5ED56C}.Debug|x64.Build.0 = Debug|x64
		{D1C3319A-1B41-4F16-8A8F-93C80C5ED56C}.Debug|x86.ActiveCfg = Debug|x86
		{D1C3319A-1B41-4F16-8A8F-93C80C5ED56C}.Debug|x86.Build.0 = Debug|x86
		{D1C3319A-1B41-4F16-8A8F-93C80C5ED56C}.Release|Any CPU.ActiveCfg = Release|Any CPU
		{D1C3319A-1B41-4F16-8A8F-93C80C5ED56C}.Release|Any CPU.Build.0 = Release|Any CPU
		{D1C3319A-1B41-4F16-8A8F-93C80C5ED56C}.Release|x64.ActiveCfg = Release|x64
		{D1C3319A-1B41-4F16-8A8F-93C80C5ED56C}.Release|x64.Build.0 = Release|x64
		{D1C3319A-1B41-4F16-8A8F-93C80C5ED56C}.Release|x86.ActiveCfg = Release|x86
		{D1C3319A-1B41-4F16-8A8F-93C80C5ED56C}.Release|x86.Build.0 = Release|x86
		{A2CBAB24-6996-4B35-BADA-B88E69FD1235}.Debug|Any CPU.ActiveCfg = Debug|Any CPU
		{A2CBAB24-6996-4B35-BADA-B88E69FD1235}.Debug|Any CPU.Build.0 = Debug|Any CPU
		{A2CBAB24-6996-4B35-BADA-B88E69FD1235}.Debug|x64.ActiveCfg = Debug|Any CPU
		{A2CBAB24-6996-4B35-BADA-B88E69FD1235}.Debug|x64.Build.0 = Debug|Any CPU
		{A2CBAB24-6996-4B35-BADA-B88E69FD1235}.Debug|x86.ActiveCfg = Debug|Any CPU
		{A2CBAB24-6996-4B35-BADA-B88E69FD1235}.Debug|x86.Build.0 = Debug|Any CPU
		{A2CBAB24-6996-4B35-BADA-B88E69FD1235}.Release|Any CPU.ActiveCfg = Release|Any CPU
		{A2CBAB24-6996-4B35-BADA-B88E69FD1235}.Release|Any CPU.Build.0 = Release|Any CPU
		{A2CBAB24-6996-4B35-BADA-B88E69FD1235}.Release|x64.ActiveCfg = Release|Any CPU
		{A2CBAB24-6996-4B35-BADA-B88E69FD1235}.Release|x64.Build.0 = Release|Any CPU
		{A2CBAB24-6996-4B35-BADA-B88E69FD1235}.Release|x86.ActiveCfg = Release|Any CPU
		{A2CBAB24-6996-4B35-BADA-B88E69FD1235}.Release|x86.Build.0 = Release|Any CPU
		{C39215B6-C77A-4B9F-8EFD-32F212298D02}.Debug|Any CPU.ActiveCfg = Debug|Any CPU
		{C39215B6-C77A-4B9F-8EFD-32F212298D02}.Debug|Any CPU.Build.0 = Debug|Any CPU
		{C39215B6-C77A-4B9F-8EFD-32F212298D02}.Debug|x64.ActiveCfg = Debug|Any CPU
		{C39215B6-C77A-4B9F-8EFD-32F212298D02}.Debug|x64.Build.0 = Debug|Any CPU
		{C39215B6-C77A-4B9F-8EFD-32F212298D02}.Debug|x86.ActiveCfg = Debug|Any CPU
		{C39215B6-C77A-4B9F-8EFD-32F212298D02}.Debug|x86.Build.0 = Debug|Any CPU
		{C39215B6-C77A-4B9F-8EFD-32F212298D02}.Release|Any CPU.ActiveCfg = Release|Any CPU
		{C39215B6-C77A-4B9F-8EFD-32F212298D02}.Release|Any CPU.Build.0 = Release|Any CPU
		{C39215B6-C77A-4B9F-8EFD-32F212298D02}.Release|x64.ActiveCfg = Release|Any CPU
		{C39215B6-C77A-4B9F-8EFD-32F212298D02}.Release|x64.Build.0 = Release|Any CPU
		{C39215B6-C77A-4B9F-8EFD-32F212298D02}.Release|x86.ActiveCfg = Release|Any CPU
		{C39215B6-C77A-4B9F-8EFD-32F212298D02}.Release|x86.Build.0 = Release|Any CPU
	EndGlobalSection
	GlobalSection(SolutionProperties) = preSolution
		HideSolutionNode = FALSE
	EndGlobalSection
	GlobalSection(NestedProjects) = preSolution
		{C4ABDD48-086A-4350-A12C-B4F102399B98} = {D418F5B0-E7D6-415C-86CA-5B56E7126071}
		{4B557C74-5AB1-4FEB-A7B8-A7B81581B2AD} = {D418F5B0-E7D6-415C-86CA-5B56E7126071}
		{0FCB453B-76DC-4599-9F22-C294D043DEAB} = {B0741E34-5FAD-457E-B6B0-A2E52486DA72}
		{6FFF7AE7-B12C-44F6-BBA5-418A209B12A6} = {B0741E34-5FAD-457E-B6B0-A2E52486DA72}
		{0C859164-A068-40BC-B142-173EC602AF3D} = {6F0917AF-B308-4AB9-BC6D-5DA26252B8DE}
		{38BDAE84-F2D3-4F5F-BA69-BA44E6569FEE} = {6F0917AF-B308-4AB9-BC6D-5DA26252B8DE}
		{59E2C94E-560E-4193-8278-1D4706D63AC5} = {6F0917AF-B308-4AB9-BC6D-5DA26252B8DE}
		{33C7D806-A736-48DD-8C3E-92599CAEAED0} = {3BF38219-1086-4443-AF95-610112ECC286}
		{D1C3319A-1B41-4F16-8A8F-93C80C5ED56C} = {3BF38219-1086-4443-AF95-610112ECC286}
		{A2CBAB24-6996-4B35-BADA-B88E69FD1235} = {3BF38219-1086-4443-AF95-610112ECC286}
		{C39215B6-C77A-4B9F-8EFD-32F212298D02} = {0D2BCE35-DB35-47B6-9649-A24279EB1EFF}
	EndGlobalSection
EndGlobal
