
Microsoft Visual Studio Solution File, Format Version 12.00
# Visual Studio 14
VisualStudioVersion = 14.0.25123.0
MinimumVisualStudioVersion = 10.0.40219.1
Project("{2150E333-8FDC-42A3-9474-1A3956D46DE8}") = "Web", "Web", "{91D766A5-F247-432F-97FE-4BEC8CC74038}"
EndProject
Project("{2150E333-8FDC-42A3-9474-1A3956D46DE8}") = "Data", "Data", "{37C6C48D-1CE6-4982-93DF-824B137CFDE8}"
EndProject
Project("{2150E333-8FDC-42A3-9474-1A3956D46DE8}") = "Common", "Common", "{3BDF1BEB-1D93-468A-9C2D-04E1DF9C8592}"
EndProject
Project("{2150E333-8FDC-42A3-9474-1A3956D46DE8}") = "Services", "Services", "{37658E4B-1EA3-4FFC-926C-263ECB1B7C95}"
EndProject
Project("{FAE04EC0-301F-11D3-BF4B-00C04F79EFBC}") = "MyServer.Data.Common", "Data\MyServer.Data.Common\MyServer.Data.Common.csproj", "{C20B56B9-F6F0-45E3-9190-59DA786442D2}"
EndProject
Project("{FAE04EC0-301F-11D3-BF4B-00C04F79EFBC}") = "MyServer.Data", "Data\MyServer.Data\MyServer.Data.csproj", "{B5FDC857-C720-4F1E-A9B0-32975B81E03B}"
EndProject
Project("{FAE04EC0-301F-11D3-BF4B-00C04F79EFBC}") = "MyServer.Web.Infrastructure", "Web\MyServer.Web.Infrastructure\MyServer.Web.Infrastructure.csproj", "{D0D0FD38-4DFB-455C-B968-2979A4F4B7F1}"
EndProject
Project("{FAE04EC0-301F-11D3-BF4B-00C04F79EFBC}") = "MyServer.Services.ImageGallery", "Services\MyServer.Services.ImageGallery\MyServer.Services.ImageGallery.csproj", "{D1D34271-B231-4B19-BA75-01908A6CC4FE}"
EndProject
Project("{FAE04EC0-301F-11D3-BF4B-00C04F79EFBC}") = "MyServer.Common.ImageGallery", "Common\MyServer.Common.ImageGallery\MyServer.Common.ImageGallery.csproj", "{52FFC9F2-6AD6-4AEA-9EF6-E2DAF6C60636}"
EndProject
Project("{FAE04EC0-301F-11D3-BF4B-00C04F79EFBC}") = "MyServer.Services.Users", "Services\MyServer.Services.Users\MyServer.Services.Users.csproj", "{DD43F561-E999-4D5D-B63F-D6274B29B90A}"
EndProject
Project("{FAE04EC0-301F-11D3-BF4B-00C04F79EFBC}") = "MyServer.Common", "Common\MyServer.Common\MyServer.Common.csproj", "{185CC628-B3B7-4063-BBAA-BAE78E137BCC}"
EndProject
Project("{FAE04EC0-301F-11D3-BF4B-00C04F79EFBC}") = "MyServer.Data.Models", "Data\MyServer.Data.Models\MyServer.Data.Models.csproj", "{B37352D3-D6E3-4E0B-BB74-9BB287E9AE3B}"
EndProject
Project("{FAE04EC0-301F-11D3-BF4B-00C04F79EFBC}") = "MyServer.Web.Api", "Web\MyServer.Web.Api\MyServer.Web.Api.csproj", "{D1DEBB68-CF75-49B4-874A-BE848CB90BD5}"
EndProject
Global
	GlobalSection(SolutionConfigurationPlatforms) = preSolution
		Debug|Any CPU = Debug|Any CPU
		Release|Any CPU = Release|Any CPU
	EndGlobalSection
	GlobalSection(ProjectConfigurationPlatforms) = postSolution
		{C20B56B9-F6F0-45E3-9190-59DA786442D2}.Debug|Any CPU.ActiveCfg = Debug|Any CPU
		{C20B56B9-F6F0-45E3-9190-59DA786442D2}.Debug|Any CPU.Build.0 = Debug|Any CPU
		{C20B56B9-F6F0-45E3-9190-59DA786442D2}.Release|Any CPU.ActiveCfg = Release|Any CPU
		{C20B56B9-F6F0-45E3-9190-59DA786442D2}.Release|Any CPU.Build.0 = Release|Any CPU
		{B5FDC857-C720-4F1E-A9B0-32975B81E03B}.Debug|Any CPU.ActiveCfg = Debug|Any CPU
		{B5FDC857-C720-4F1E-A9B0-32975B81E03B}.Debug|Any CPU.Build.0 = Debug|Any CPU
		{B5FDC857-C720-4F1E-A9B0-32975B81E03B}.Release|Any CPU.ActiveCfg = Release|Any CPU
		{B5FDC857-C720-4F1E-A9B0-32975B81E03B}.Release|Any CPU.Build.0 = Release|Any CPU
		{D0D0FD38-4DFB-455C-B968-2979A4F4B7F1}.Debug|Any CPU.ActiveCfg = Debug|Any CPU
		{D0D0FD38-4DFB-455C-B968-2979A4F4B7F1}.Debug|Any CPU.Build.0 = Debug|Any CPU
		{D0D0FD38-4DFB-455C-B968-2979A4F4B7F1}.Release|Any CPU.ActiveCfg = Release|Any CPU
		{D0D0FD38-4DFB-455C-B968-2979A4F4B7F1}.Release|Any CPU.Build.0 = Release|Any CPU
		{D1D34271-B231-4B19-BA75-01908A6CC4FE}.Debug|Any CPU.ActiveCfg = Debug|Any CPU
		{D1D34271-B231-4B19-BA75-01908A6CC4FE}.Debug|Any CPU.Build.0 = Debug|Any CPU
		{D1D34271-B231-4B19-BA75-01908A6CC4FE}.Release|Any CPU.ActiveCfg = Release|Any CPU
		{D1D34271-B231-4B19-BA75-01908A6CC4FE}.Release|Any CPU.Build.0 = Release|Any CPU
		{52FFC9F2-6AD6-4AEA-9EF6-E2DAF6C60636}.Debug|Any CPU.ActiveCfg = Debug|Any CPU
		{52FFC9F2-6AD6-4AEA-9EF6-E2DAF6C60636}.Debug|Any CPU.Build.0 = Debug|Any CPU
		{52FFC9F2-6AD6-4AEA-9EF6-E2DAF6C60636}.Release|Any CPU.ActiveCfg = Release|Any CPU
		{52FFC9F2-6AD6-4AEA-9EF6-E2DAF6C60636}.Release|Any CPU.Build.0 = Release|Any CPU
		{DD43F561-E999-4D5D-B63F-D6274B29B90A}.Debug|Any CPU.ActiveCfg = Debug|Any CPU
		{DD43F561-E999-4D5D-B63F-D6274B29B90A}.Debug|Any CPU.Build.0 = Debug|Any CPU
		{DD43F561-E999-4D5D-B63F-D6274B29B90A}.Release|Any CPU.ActiveCfg = Release|Any CPU
		{DD43F561-E999-4D5D-B63F-D6274B29B90A}.Release|Any CPU.Build.0 = Release|Any CPU
		{185CC628-B3B7-4063-BBAA-BAE78E137BCC}.Debug|Any CPU.ActiveCfg = Debug|Any CPU
		{185CC628-B3B7-4063-BBAA-BAE78E137BCC}.Debug|Any CPU.Build.0 = Debug|Any CPU
		{185CC628-B3B7-4063-BBAA-BAE78E137BCC}.Release|Any CPU.ActiveCfg = Release|Any CPU
		{185CC628-B3B7-4063-BBAA-BAE78E137BCC}.Release|Any CPU.Build.0 = Release|Any CPU
		{B37352D3-D6E3-4E0B-BB74-9BB287E9AE3B}.Debug|Any CPU.ActiveCfg = Debug|Any CPU
		{B37352D3-D6E3-4E0B-BB74-9BB287E9AE3B}.Debug|Any CPU.Build.0 = Debug|Any CPU
		{B37352D3-D6E3-4E0B-BB74-9BB287E9AE3B}.Release|Any CPU.ActiveCfg = Release|Any CPU
		{B37352D3-D6E3-4E0B-BB74-9BB287E9AE3B}.Release|Any CPU.Build.0 = Release|Any CPU
		{D1DEBB68-CF75-49B4-874A-BE848CB90BD5}.Debug|Any CPU.ActiveCfg = Debug|Any CPU
		{D1DEBB68-CF75-49B4-874A-BE848CB90BD5}.Debug|Any CPU.Build.0 = Debug|Any CPU
		{D1DEBB68-CF75-49B4-874A-BE848CB90BD5}.Release|Any CPU.ActiveCfg = Release|Any CPU
		{D1DEBB68-CF75-49B4-874A-BE848CB90BD5}.Release|Any CPU.Build.0 = Release|Any CPU
	EndGlobalSection
	GlobalSection(SolutionProperties) = preSolution
		HideSolutionNode = FALSE
	EndGlobalSection
	GlobalSection(NestedProjects) = preSolution
		{C20B56B9-F6F0-45E3-9190-59DA786442D2} = {37C6C48D-1CE6-4982-93DF-824B137CFDE8}
		{B5FDC857-C720-4F1E-A9B0-32975B81E03B} = {37C6C48D-1CE6-4982-93DF-824B137CFDE8}
		{D0D0FD38-4DFB-455C-B968-2979A4F4B7F1} = {91D766A5-F247-432F-97FE-4BEC8CC74038}
		{D1D34271-B231-4B19-BA75-01908A6CC4FE} = {37658E4B-1EA3-4FFC-926C-263ECB1B7C95}
		{52FFC9F2-6AD6-4AEA-9EF6-E2DAF6C60636} = {3BDF1BEB-1D93-468A-9C2D-04E1DF9C8592}
		{DD43F561-E999-4D5D-B63F-D6274B29B90A} = {37658E4B-1EA3-4FFC-926C-263ECB1B7C95}
		{185CC628-B3B7-4063-BBAA-BAE78E137BCC} = {3BDF1BEB-1D93-468A-9C2D-04E1DF9C8592}
		{B37352D3-D6E3-4E0B-BB74-9BB287E9AE3B} = {37C6C48D-1CE6-4982-93DF-824B137CFDE8}
		{D1DEBB68-CF75-49B4-874A-BE848CB90BD5} = {91D766A5-F247-432F-97FE-4BEC8CC74038}
	EndGlobalSection
EndGlobal
